<?xml version="1.0" encoding="utf-8"?>
<Project xmlns="http://schemas.microsoft.com/developer/msbuild/2003">
  <ItemGroup>
    <Filter Include="Form Files">
      <UniqueIdentifier>{99349809-55BA-4b9d-BF79-8FDBB0286EB3}</UniqueIdentifier>
      <Extensions>ui</Extensions>
      <ParseFiles>false</ParseFiles>
    </Filter>
    <Filter Include="Form Files">
      <UniqueIdentifier>{99349809-55BA-4b9d-BF79-8FDBB0286EB3}</UniqueIdentifier>
      <Extensions>ui</Extensions>
      <ParseFiles>false</ParseFiles>
    </Filter>
    <Filter Include="Generated Files">
      <UniqueIdentifier>{71ED8ED8-ACB9-4CE9-BBE1-E00B30144E11}</UniqueIdentifier>
      <Extensions>cpp;c;cxx;moc;h;def;odl;idl;res;</Extensions>
    </Filter>
    <Filter Include="Generated Files">
      <UniqueIdentifier>{71ED8ED8-ACB9-4CE9-BBE1-E00B30144E11}</UniqueIdentifier>
      <Extensions>cpp;c;cxx;moc;h;def;odl;idl;res;</Extensions>
    </Filter>
    <Filter Include="Header Files">
      <UniqueIdentifier>{93995380-89BD-4b04-88EB-625FBE52EBFB}</UniqueIdentifier>
      <Extensions>h;hpp;hxx;hm;inl;inc;xsd</Extensions>
    </Filter>
    <Filter Include="Header Files">
      <UniqueIdentifier>{93995380-89BD-4b04-88EB-625FBE52EBFB}</UniqueIdentifier>
      <Extensions>h;hpp;hxx;hm;inl;inc;xsd</Extensions>
    </Filter>
    <Filter Include="Resource Files">
      <UniqueIdentifier>{D9D6E242-F8AF-46E4-B9FD-80ECBC20BA3E}</UniqueIdentifier>
      <Extensions>qrc;*</Extensions>
      <ParseFiles>false</ParseFiles>
    </Filter>
    <Filter Include="Resource Files">
      <UniqueIdentifier>{D9D6E242-F8AF-46E4-B9FD-80ECBC20BA3E}</UniqueIdentifier>
      <Extensions>qrc;*</Extensions>
      <ParseFiles>false</ParseFiles>
    </Filter>
    <Filter Include="Source Files">
      <UniqueIdentifier>{4FC737F1-C7A5-4376-A066-2A32D752A2FF}</UniqueIdentifier>
      <Extensions>cpp;c;cxx;def;odl;idl;hpj;bat;asm;asmx</Extensions>
    </Filter>
    <Filter Include="Source Files">
      <UniqueIdentifier>{4FC737F1-C7A5-4376-A066-2A32D752A2FF}</UniqueIdentifier>
      <Extensions>cpp;c;cxx;def;odl;idl;hpj;bat;asm;asmx</Extensions>
    </Filter>
  </ItemGroup>
  <ItemGroup>
    <ClCompile Include="global.cpp">
      <Filter>Source Files</Filter>
    </ClCompile>
    <ClCompile Include="httpmgr.cpp">
      <Filter>Source Files</Filter>
    </ClCompile>
    <ClCompile Include="logindialog.cpp">
      <Filter>Source Files</Filter>
    </ClCompile>
    <ClCompile Include="main.cpp">
      <Filter>Source Files</Filter>
    </ClCompile>
    <ClCompile Include="mainwindow.cpp">
      <Filter>Source Files</Filter>
    </ClCompile>
    <ClCompile Include="registerdialog.cpp">
      <Filter>Source Files</Filter>
    </ClCompile>
    <ClCompile Include="clickedlabel.cpp">
      <Filter>Source Files</Filter>
    </ClCompile>
    <ClCompile Include="resetdialog.cpp">
      <Filter>Source Files</Filter>
    </ClCompile>
    <ClCompile Include="tcpmgr.cpp">
      <Filter>Source Files</Filter>
    </ClCompile>
    <ClCompile Include="timerbtn.cpp">
      <Filter>Source Files</Filter>
    </ClCompile>
    <ClCompile Include="usermgr.cpp">
      <Filter>Source Files</Filter>
    </ClCompile>
    <ClCompile Include="userdata.cpp">
      <Filter>Source Files</Filter>
    </ClCompile>
    <ClCompile Include="chatdialog.cpp">
      <Filter>Source Files</Filter>
    </ClCompile>
    <ClCompile Include="adduseritem.cpp">
      <Filter>Source Files</Filter>
    </ClCompile>
    <ClCompile Include="applyfriend.cpp">
      <Filter>Source Files</Filter>
    </ClCompile>
    <ClCompile Include="applyfrienditem.cpp">
      <Filter>Source Files</Filter>
    </ClCompile>
    <ClCompile Include="applyfriendlist.cpp">
      <Filter>Source Files</Filter>
    </ClCompile>
    <ClCompile Include="applyfriendpage.cpp">
      <Filter>Source Files</Filter>
    </ClCompile>
    <ClCompile Include="authenfriend.cpp">
      <Filter>Source Files</Filter>
    </ClCompile>
    <ClCompile Include="BubbleFrame.cpp">
      <Filter>Source Files</Filter>
    </ClCompile>
    <ClCompile Include="ChatItemBase.cpp">
      <Filter>Source Files</Filter>
    </ClCompile>
    <ClCompile Include="chatpage.cpp">
      <Filter>Source Files</Filter>
    </ClCompile>
    <ClCompile Include="chatuserlist.cpp">
      <Filter>Source Files</Filter>
    </ClCompile>
    <ClCompile Include="chatuserwid.cpp">
      <Filter>Source Files</Filter>
    </ClCompile>
    <ClCompile Include="ChatView.cpp">
      <Filter>Source Files</Filter>
    </ClCompile>
    <ClCompile Include="clickedbtn.cpp">
      <Filter>Source Files</Filter>
    </ClCompile>
    <ClCompile Include="clickedoncelabel.cpp">
      <Filter>Source Files</Filter>
    </ClCompile>
    <ClCompile Include="contactuserlist.cpp">
      <Filter>Source Files</Filter>
    </ClCompile>
    <ClCompile Include="conuseritem.cpp">
      <Filter>Source Files</Filter>
    </ClCompile>
    <ClCompile Include="customizeedit.cpp">
      <Filter>Source Files</Filter>
    </ClCompile>
    <ClCompile Include="customizetextedit.cpp">
      <Filter>Source Files</Filter>
    </ClCompile>
    <ClCompile Include="findfaildlg.cpp">
      <Filter>Source Files</Filter>
    </ClCompile>
    <ClCompile Include="findsuccessdlg.cpp">
      <Filter>Source Files</Filter>
    </ClCompile>
    <ClCompile Include="friendinfopage.cpp">
      <Filter>Source Files</Filter>
    </ClCompile>
    <ClCompile Include="friendlabel.cpp">
      <Filter>Source Files</Filter>
    </ClCompile>
    <ClCompile Include="grouptipitem.cpp">
      <Filter>Source Files</Filter>
    </ClCompile>
    <ClCompile Include="invaliditem.cpp">
      <Filter>Source Files</Filter>
    </ClCompile>
    <ClCompile Include="lineitem.cpp">
      <Filter>Source Files</Filter>
    </ClCompile>
    <ClCompile Include="listitembase.cpp">
      <Filter>Source Files</Filter>
    </ClCompile>
    <ClCompile Include="loadingdlg.cpp">
      <Filter>Source Files</Filter>
    </ClCompile>
    <ClCompile Include="MessageTextEdit.cpp">
      <Filter>Source Files</Filter>
    </ClCompile>
    <ClCompile Include="PictureBubble.cpp">
      <Filter>Source Files</Filter>
    </ClCompile>
    <ClCompile Include="searchlist.cpp">
      <Filter>Source Files</Filter>
    </ClCompile>
    <ClCompile Include="statelabel.cpp">
      <Filter>Source Files</Filter>
    </ClCompile>
    <ClCompile Include="statewidget.cpp">
      <Filter>Source Files</Filter>
    </ClCompile>
    <ClCompile Include="TextBubble.cpp">
      <Filter>Source Files</Filter>
    </ClCompile>
  </ItemGroup>
  <ItemGroup>
    <ClInclude Include="global.h">
      <Filter>Header Files</Filter>
    </ClInclude>
    <QtMoc Include="httpmgr.h">
      <Filter>Header Files</Filter>
    </QtMoc>
    <QtMoc Include="logindialog.h">
      <Filter>Header Files</Filter>
    </QtMoc>
    <QtMoc Include="mainwindow.h">
      <Filter>Header Files</Filter>
    </QtMoc>
    <QtMoc Include="registerdialog.h">
      <Filter>Header Files</Filter>
    </QtMoc>
    <ClInclude Include="singleton.h">
      <Filter>Header Files</Filter>
    </ClInclude>
    <ClInclude Include="userdata.h">
      <Filter>Header Files</Filter>
    </ClInclude>
  </ItemGroup>
  <ItemGroup>
    <QtUic Include="logindialog.ui">
      <Filter>Form Files</Filter>
    </QtUic>
    <QtUic Include="mainwindow.ui">
      <Filter>Form Files</Filter>
    </QtUic>
    <QtUic Include="registerdialog.ui">
      <Filter>Form Files</Filter>
    </QtUic>
    <QtUic Include="resetdialog.ui">
      <Filter>Form Files</Filter>
    </QtUic>
    <QtUic Include="chatdialog.ui">
      <Filter>Form Files</Filter>
    </QtUic>
    <QtUic Include="adduseritem.ui">
      <Filter>Form Files</Filter>
    </QtUic>
    <QtUic Include="applyfriend.ui">
      <Filter>Form Files</Filter>
    </QtUic>
    <QtUic Include="applyfrienditem.ui">
      <Filter>Form Files</Filter>
    </QtUic>
    <QtUic Include="applyfriendpage.ui">
      <Filter>Form Files</Filter>
    </QtUic>
    <QtUic Include="authenfriend.ui">
      <Filter>Form Files</Filter>
    </QtUic>
    <QtUic Include="chatpage.ui">
      <Filter>Form Files</Filter>
    </QtUic>
    <QtUic Include="chatuserwid.ui">
      <Filter>Form Files</Filter>
    </QtUic>
    <QtUic Include="conuseritem.ui">
      <Filter>Form Files</Filter>
    </QtUic>
    <QtUic Include="findfaildlg.ui">
      <Filter>Form Files</Filter>
    </QtUic>
    <QtUic Include="findsuccessdlg.ui">
      <Filter>Form Files</Filter>
    </QtUic>
    <QtUic Include="friendinfopage.ui">
      <Filter>Form Files</Filter>
    </QtUic>
    <QtUic Include="friendlabel.ui">
      <Filter>Form Files</Filter>
    </QtUic>
    <QtUic Include="grouptipitem.ui">
      <Filter>Form Files</Filter>
    </QtUic>
    <QtUic Include="lineitem.ui">
      <Filter>Form Files</Filter>
    </QtUic>
    <QtUic Include="loadingdlg.ui">
      <Filter>Form Files</Filter>
    </QtUic>
  </ItemGroup>
  <ItemGroup>
    <QtRcc Include="re.qrc">
      <Filter>Resource Files</Filter>
    </QtRcc>
    <None Include="style\styleSheet.qss">
      <Filter>Resource Files</Filter>
    </None>
    <None Include="llfcchat.pro" />
  </ItemGroup>
  <ItemGroup>
    <QtMoc Include="clickedlabel.h">
      <Filter>Header Files</Filter>
    </QtMoc>
    <QtMoc Include="resetdialog.h">
      <Filter>Header Files</Filter>
    </QtMoc>
    <QtMoc Include="tcpmgr.h">
      <Filter>Header Files</Filter>
    </QtMoc>
    <QtMoc Include="timerbtn.h">
      <Filter>Header Files</Filter>
    </QtMoc>
    <QtMoc Include="usermgr.h">
      <Filter>Header Files</Filter>
    </QtMoc>
    <QtMoc Include="chatdialog.h">
      <Filter>Header Files</Filter>
    </QtMoc>
    <QtMoc Include="adduseritem.h">
      <Filter>Header Files</Filter>
    </QtMoc>
    <QtMoc Include="applyfriend.h">
      <Filter>Header Files</Filter>
    </QtMoc>
    <QtMoc Include="applyfrienditem.h">
      <Filter>Header Files</Filter>
    </QtMoc>
    <QtMoc Include="applyfriendlist.h">
      <Filter>Header Files</Filter>
    </QtMoc>
    <QtMoc Include="applyfriendpage.h">
      <Filter>Header Files</Filter>
    </QtMoc>
    <QtMoc Include="authenfriend.h">
      <Filter>Header Files</Filter>
    </QtMoc>
    <QtMoc Include="BubbleFrame.h">
      <Filter>Header Files</Filter>
    </QtMoc>
    <QtMoc Include="ChatItemBase.h">
      <Filter>Header Files</Filter>
    </QtMoc>
    <QtMoc Include="chatpage.h">
      <Filter>Header Files</Filter>
    </QtMoc>
    <QtMoc Include="chatuserlist.h">
      <Filter>Header Files</Filter>
    </QtMoc>
    <QtMoc Include="chatuserwid.h">
      <Filter>Header Files</Filter>
    </QtMoc>
    <QtMoc Include="ChatView.h">
      <Filter>Header Files</Filter>
    </QtMoc>
    <QtMoc Include="clickedbtn.h">
      <Filter>Header Files</Filter>
    </QtMoc>
    <QtMoc Include="clickedoncelabel.h">
      <Filter>Header Files</Filter>
    </QtMoc>
    <QtMoc Include="contactuserlist.h">
      <Filter>Header Files</Filter>
    </QtMoc>
    <QtMoc Include="conuseritem.h">
      <Filter>Header Files</Filter>
    </QtMoc>
    <QtMoc Include="customizeedit.h">
      <Filter>Header Files</Filter>
    </QtMoc>
    <QtMoc Include="customizetextedit.h">
      <Filter>Header Files</Filter>
    </QtMoc>
    <QtMoc Include="findfaildlg.h">
      <Filter>Header Files</Filter>
    </QtMoc>
    <QtMoc Include="findsuccessdlg.h">
      <Filter>Header Files</Filter>
    </QtMoc>
    <QtMoc Include="friendinfopage.h">
      <Filter>Header Files</Filter>
    </QtMoc>
    <QtMoc Include="friendlabel.h">
      <Filter>Header Files</Filter>
    </QtMoc>
    <QtMoc Include="grouptipitem.h">
      <Filter>Header Files</Filter>
    </QtMoc>
    <QtMoc Include="invaliditem.h">
      <Filter>Header Files</Filter>
    </QtMoc>
    <QtMoc Include="lineitem.h">
      <Filter>Header Files</Filter>
    </QtMoc>
    <QtMoc Include="listitembase.h">
      <Filter>Header Files</Filter>
    </QtMoc>
    <QtMoc Include="searchlist.h">
      <Filter>Header Files</Filter>
    </QtMoc>
    <QtMoc Include="statelabel.h">
      <Filter>Header Files</Filter>
    </QtMoc>
    <QtMoc Include="statewidget.h">
      <Filter>Header Files</Filter>
    </QtMoc>
    <QtMoc Include="TextBubble.h">
      <Filter>Header Files</Filter>
    </QtMoc>
    <QtMoc Include="loadingdlg.h">
      <Filter>Header Files</Filter>
    </QtMoc>
    <QtMoc Include="MessageTextEdit.h">
      <Filter>Header Files</Filter>
    </QtMoc>
    <QtMoc Include="PictureBubble.h">
      <Filter>Header Files</Filter>
    </QtMoc>
  </ItemGroup>
  <ItemGroup>
    <ResourceCompile Include="build\Desktop_Qt_6_8_2_llvm_mingw_64_bit-Debug\misaka_target_resource.rc" />
  </ItemGroup>
</Project>