
Microsoft Visual Studio Solution File, Format Version 12.00
# Visual Studio Version 17
VisualStudioVersion = 17.13.35913.81 d17.13
MinimumVisualStudioVersion = 10.0.40219.1
Project("{8BC9CEB8-8B4A-11D0-8D11-00A0C91BC942}") = "gateSever", "gateSever.vcxproj", "{CC3889B8-BFA6-4E25-A09F-B4C2D0C0A380}"
EndProject
Global
	GlobalSection(SolutionConfigurationPlatforms) = preSolution
		Debug|x64 = Debug|x64
		Debug|x86 = Debug|x86
		Release|x64 = Release|x64
		Release|x86 = Release|x86
	EndGlobalSection
	GlobalSection(ProjectConfigurationPlatforms) = postSolution
		{CC3889B8-BFA6-4E25-A09F-B4C2D0C0A380}.Debug|x64.ActiveCfg = Debug|x64
		{CC3889B8-BFA6-4E25-A09F-B4C2D0C0A380}.Debug|x64.Build.0 = Debug|x64
		{CC3889B8-BFA6-4E25-A09F-B4C2D0C0A380}.Debug|x86.ActiveCfg = Debug|Win32
		{CC3889B8-BFA6-4E25-A09F-B4C2D0C0A380}.Debug|x86.Build.0 = Debug|Win32
		{CC3889B8-BFA6-4E25-A09F-B4C2D0C0A380}.Release|x64.ActiveCfg = Release|x64
		{CC3889B8-BFA6-4E25-A09F-B4C2D0C0A380}.Release|x64.Build.0 = Release|x64
		{CC3889B8-BFA6-4E25-A09F-B4C2D0C0A380}.Release|x86.ActiveCfg = Release|Win32
		{CC3889B8-BFA6-4E25-A09F-B4C2D0C0A380}.Release|x86.Build.0 = Release|Win32
	EndGlobalSection
	GlobalSection(SolutionProperties) = preSolution
		HideSolutionNode = FALSE
	EndGlobalSection
	GlobalSection(ExtensibilityGlobals) = postSolution
		SolutionGuid = {21A70CB2-73C6-42CE-AC2D-16C41F17BBC6}
	EndGlobalSection
EndGlobal
